
Microsoft Visual Studio Solution File, Format Version 12.00
# Visual Studio 2013
VisualStudioVersion = 12.0.30501.0
MinimumVisualStudioVersion = 10.0.40219.1
Project("{FAE04EC0-301F-11D3-BF4B-00C04F79EFBC}") = "Stagio.Web.UnitTests", "Stagio.Web.UnitTests\Stagio.Web.UnitTests.csproj", "{A8BC0FE6-9A78-4530-B1F2-4125839399DF}"
	ProjectSection(ProjectDependencies) = postProject
		{521DD3E1-7D0C-4F40-9E98-E4186B9D2AE2} = {521DD3E1-7D0C-4F40-9E98-E4186B9D2AE2}
	EndProjectSection
EndProject
Project("{FAE04EC0-301F-11D3-BF4B-00C04F79EFBC}") = "Stagio.DataLayer", "Stagio.DataLayer\Stagio.DataLayer.csproj", "{0988FEE9-30A1-49A7-A7B1-9D1571ECEA28}"
EndProject
Project("{FAE04EC0-301F-11D3-BF4B-00C04F79EFBC}") = "Stagio.Domain", "Stagio.Domain\Stagio.Domain.csproj", "{976FE607-B2B5-412F-98B1-B8106D6B610C}"
EndProject
Project("{FAE04EC0-301F-11D3-BF4B-00C04F79EFBC}") = "Stagio.Web.AcceptanceTests", "Stagio.Web.AcceptanceTests\Stagio.Web.AcceptanceTests.csproj", "{521DD3E1-7D0C-4F40-9E98-E4186B9D2AE2}"
EndProject
Project("{FAE04EC0-301F-11D3-BF4B-00C04F79EFBC}") = "Stagio.Web", "Stagio.Web\Stagio.Web.csproj", "{F69EB36E-05C6-4680-B6F7-EAF3CA9FA150}"
EndProject
Project("{FAE04EC0-301F-11D3-BF4B-00C04F79EFBC}") = "Stagio.TestUtilities", "Stagio.TestUtilities\Stagio.TestUtilities.csproj", "{9999BD96-9AE9-4332-9205-86E60AC4CA88}"
EndProject
Project("{2150E333-8FDC-42A3-9474-1A3956D46DE8}") = ".nuget", ".nuget", "{1FC57866-8C7E-4C83-85C9-A8EFA5497343}"
	ProjectSection(SolutionItems) = preProject
		.nuget\NuGet.Config = .nuget\NuGet.Config
		.nuget\NuGet.exe = .nuget\NuGet.exe
		.nuget\NuGet.targets = .nuget\NuGet.targets
	EndProjectSection
EndProject
Project("{FAE04EC0-301F-11D3-BF4B-00C04F79EFBC}") = "Stagio.Utilities", "Stagio.Utilities\Stagio.Utilities.csproj", "{12547A44-FF09-479D-820E-E54A227C939C}"
EndProject
Project("{FAE04EC0-301F-11D3-BF4B-00C04F79EFBC}") = "Stagio.Web.Automation", "Stagio.Web.Automation\Stagio.Web.Automation.csproj", "{BB170CE2-A741-484B-A14D-519938B351A5}"
EndProject
Global
	GlobalSection(SolutionConfigurationPlatforms) = preSolution
		Debug|Any CPU = Debug|Any CPU
		Release|Any CPU = Release|Any CPU
	EndGlobalSection
	GlobalSection(ProjectConfigurationPlatforms) = postSolution
		{A8BC0FE6-9A78-4530-B1F2-4125839399DF}.Debug|Any CPU.ActiveCfg = Debug|Any CPU
		{A8BC0FE6-9A78-4530-B1F2-4125839399DF}.Debug|Any CPU.Build.0 = Debug|Any CPU
		{A8BC0FE6-9A78-4530-B1F2-4125839399DF}.Release|Any CPU.ActiveCfg = Release|Any CPU
		{A8BC0FE6-9A78-4530-B1F2-4125839399DF}.Release|Any CPU.Build.0 = Release|Any CPU
		{0988FEE9-30A1-49A7-A7B1-9D1571ECEA28}.Debug|Any CPU.ActiveCfg = Debug|Any CPU
		{0988FEE9-30A1-49A7-A7B1-9D1571ECEA28}.Debug|Any CPU.Build.0 = Debug|Any CPU
		{0988FEE9-30A1-49A7-A7B1-9D1571ECEA28}.Release|Any CPU.ActiveCfg = Release|Any CPU
		{0988FEE9-30A1-49A7-A7B1-9D1571ECEA28}.Release|Any CPU.Build.0 = Release|Any CPU
		{976FE607-B2B5-412F-98B1-B8106D6B610C}.Debug|Any CPU.ActiveCfg = Debug|Any CPU
		{976FE607-B2B5-412F-98B1-B8106D6B610C}.Debug|Any CPU.Build.0 = Debug|Any CPU
		{976FE607-B2B5-412F-98B1-B8106D6B610C}.Release|Any CPU.ActiveCfg = Release|Any CPU
		{976FE607-B2B5-412F-98B1-B8106D6B610C}.Release|Any CPU.Build.0 = Release|Any CPU
		{521DD3E1-7D0C-4F40-9E98-E4186B9D2AE2}.Debug|Any CPU.ActiveCfg = Debug|Any CPU
		{521DD3E1-7D0C-4F40-9E98-E4186B9D2AE2}.Debug|Any CPU.Build.0 = Debug|Any CPU
		{521DD3E1-7D0C-4F40-9E98-E4186B9D2AE2}.Release|Any CPU.ActiveCfg = Release|Any CPU
		{521DD3E1-7D0C-4F40-9E98-E4186B9D2AE2}.Release|Any CPU.Build.0 = Release|Any CPU
		{F69EB36E-05C6-4680-B6F7-EAF3CA9FA150}.Debug|Any CPU.ActiveCfg = Debug|Any CPU
		{F69EB36E-05C6-4680-B6F7-EAF3CA9FA150}.Debug|Any CPU.Build.0 = Debug|Any CPU
		{F69EB36E-05C6-4680-B6F7-EAF3CA9FA150}.Release|Any CPU.ActiveCfg = Release|Any CPU
		{F69EB36E-05C6-4680-B6F7-EAF3CA9FA150}.Release|Any CPU.Build.0 = Release|Any CPU
		{9999BD96-9AE9-4332-9205-86E60AC4CA88}.Debug|Any CPU.ActiveCfg = Debug|Any CPU
		{9999BD96-9AE9-4332-9205-86E60AC4CA88}.Debug|Any CPU.Build.0 = Debug|Any CPU
		{9999BD96-9AE9-4332-9205-86E60AC4CA88}.Release|Any CPU.ActiveCfg = Release|Any CPU
		{9999BD96-9AE9-4332-9205-86E60AC4CA88}.Release|Any CPU.Build.0 = Release|Any CPU
		{12547A44-FF09-479D-820E-E54A227C939C}.Debug|Any CPU.ActiveCfg = Debug|Any CPU
		{12547A44-FF09-479D-820E-E54A227C939C}.Debug|Any CPU.Build.0 = Debug|Any CPU
		{12547A44-FF09-479D-820E-E54A227C939C}.Release|Any CPU.ActiveCfg = Release|Any CPU
		{12547A44-FF09-479D-820E-E54A227C939C}.Release|Any CPU.Build.0 = Release|Any CPU
		{BB170CE2-A741-484B-A14D-519938B351A5}.Debug|Any CPU.ActiveCfg = Debug|Any CPU
		{BB170CE2-A741-484B-A14D-519938B351A5}.Debug|Any CPU.Build.0 = Debug|Any CPU
		{BB170CE2-A741-484B-A14D-519938B351A5}.Release|Any CPU.ActiveCfg = Release|Any CPU
		{BB170CE2-A741-484B-A14D-519938B351A5}.Release|Any CPU.Build.0 = Release|Any CPU
	EndGlobalSection
	GlobalSection(SolutionProperties) = preSolution
		HideSolutionNode = FALSE
	EndGlobalSection
EndGlobal
